
Microsoft Visual Studio Solution File, Format Version 12.00
# Visual Studio Version 17
VisualStudioVersion = 17.9.34728.123
MinimumVisualStudioVersion = 10.0.40219.1
Project("{FAE04EC0-301F-11D3-BF4B-00C04F79EFBC}") = "TaskManagement", "TaskManagement\TaskManagement.csproj", "{2FB7313B-D4E0-4061-A219-D1DF27657065}"
EndProject
Global
	GlobalSection(SolutionConfigurationPlatforms) = preSolution
		Debug|Any CPU = Debug|Any CPU
		Release|Any CPU = Release|Any CPU
	EndGlobalSection
	GlobalSection(ProjectConfigurationPlatforms) = postSolution
		{2FB7313B-D4E0-4061-A219-D1DF27657065}.Debug|Any CPU.ActiveCfg = Debug|Any CPU
		{2FB7313B-D4E0-4061-A219-D1DF27657065}.Debug|Any CPU.Build.0 = Debug|Any CPU
		{2FB7313B-D4E0-4061-A219-D1DF27657065}.Release|Any CPU.ActiveCfg = Release|Any CPU
		{2FB7313B-D4E0-4061-A219-D1DF27657065}.Release|Any CPU.Build.0 = Release|Any CPU
	EndGlobalSection
	GlobalSection(SolutionProperties) = preSolution
		HideSolutionNode = FALSE
	EndGlobalSection
	GlobalSection(ExtensibilityGlobals) = postSolution
		SolutionGuid = {48E6821F-68E3-4D0E-A4E8-2BD7D73A0063}
	EndGlobalSection
EndGlobal
